
Microsoft Visual Studio Solution File, Format Version 12.00
# Visual Studio Version 16
VisualStudioVersion = 16.0.30204.135
MinimumVisualStudioVersion = 10.0.40219.1
Project("{9A19103F-16F7-4668-BE54-9A1E7A4F7556}") = "LiteBulb.Common", "src\LiteBulb.Common\LiteBulb.Common.csproj", "{83FEAD3D-A492-49E8-93F6-CE03A9990BB4}"
EndProject
Project("{9A19103F-16F7-4668-BE54-9A1E7A4F7556}") = "LiteBulb.RunLog.Api", "src\LiteBulb.RunLog.Api\LiteBulb.RunLog.Api.csproj", "{5867638B-DBAF-47E8-9B34-7D8FA3D89BDB}"
EndProject
Project("{9A19103F-16F7-4668-BE54-9A1E7A4F7556}") = "LiteBulb.RunLog.Common", "src\LiteBulb.RunLog.Common\LiteBulb.RunLog.Common.csproj", "{F4E6542E-4878-4229-A06E-0BE84A499990}"
EndProject
Project("{9A19103F-16F7-4668-BE54-9A1E7A4F7556}") = "LiteBulb.RunLog.Configurations", "src\LiteBulb.RunLog.Configurations\LiteBulb.RunLog.Configurations.csproj", "{F1822301-442E-4F5A-A8E4-FC0899A37F9E}"
EndProject
Project("{9A19103F-16F7-4668-BE54-9A1E7A4F7556}") = "LiteBulb.RunLog.Repositories", "src\LiteBulb.RunLog.Repositories\LiteBulb.RunLog.Repositories.csproj", "{7167B020-5288-4EDE-8F71-1FBE7E5CE32D}"
EndProject
Project("{9A19103F-16F7-4668-BE54-9A1E7A4F7556}") = "LiteBulb.RunLog.Services", "src\LiteBulb.RunLog.Services\LiteBulb.RunLog.Services.csproj", "{B0CFC114-92A2-4476-A2D7-E15666E0119C}"
EndProject
Project("{9A19103F-16F7-4668-BE54-9A1E7A4F7556}") = "LiteBulb.MemoryDb", "src\LiteBulb.MemoryDb\LiteBulb.MemoryDb.csproj", "{1905FDD9-0592-4011-9F84-D62E42F64ED9}"
EndProject
Project("{9A19103F-16F7-4668-BE54-9A1E7A4F7556}") = "LiteBulb.Repositories", "src\LiteBulb.Repositories\LiteBulb.Repositories.csproj", "{F7436F8D-B40F-4D9B-8E1C-3A9DBBD3AC32}"
EndProject
Project("{2150E333-8FDC-42A3-9474-1A3956D46DE8}") = "Tests", "Tests", "{237DD7FA-EEC5-4B62-A804-C123D65593CC}"
EndProject
Project("{9A19103F-16F7-4668-BE54-9A1E7A4F7556}") = "LiteBulb.RunLog.Api.LoadTests", "tests\LiteBulb.RunLog.Api.LoadTests\LiteBulb.RunLog.Api.LoadTests.csproj", "{553B17AF-9404-4E75-BBB8-52D16066EACC}"
EndProject
Project("{9A19103F-16F7-4668-BE54-9A1E7A4F7556}") = "LiteBulb.MemoryDb.LoadTests", "tests\LiteBulb.MemoryDb.LoadTests\LiteBulb.MemoryDb.LoadTests.csproj", "{29EC9819-8215-424F-B03D-B030CB06AEDD}"
EndProject
Project("{9A19103F-16F7-4668-BE54-9A1E7A4F7556}") = "LiteBulb.RunLog.Web", "src\LiteBulb.RunLog.Web\LiteBulb.RunLog.Web.csproj", "{A2754A0D-6F92-4BE3-B68C-668E5FAA48EC}"
EndProject
Project("{9A19103F-16F7-4668-BE54-9A1E7A4F7556}") = "LiteBulb.RunLog.Models", "src\LiteBulb.RunLog.Models\LiteBulb.RunLog.Models.csproj", "{B09708B1-BC4C-4408-A495-6D95B14C3C32}"
EndProject
Global
	GlobalSection(SolutionConfigurationPlatforms) = preSolution
		Debug|Any CPU = Debug|Any CPU
		Debug|x86 = Debug|x86
		Release|Any CPU = Release|Any CPU
		Release|x86 = Release|x86
	EndGlobalSection
	GlobalSection(ProjectConfigurationPlatforms) = postSolution
		{83FEAD3D-A492-49E8-93F6-CE03A9990BB4}.Debug|Any CPU.ActiveCfg = Debug|Any CPU
		{83FEAD3D-A492-49E8-93F6-CE03A9990BB4}.Debug|Any CPU.Build.0 = Debug|Any CPU
		{83FEAD3D-A492-49E8-93F6-CE03A9990BB4}.Debug|x86.ActiveCfg = Debug|Any CPU
		{83FEAD3D-A492-49E8-93F6-CE03A9990BB4}.Debug|x86.Build.0 = Debug|Any CPU
		{83FEAD3D-A492-49E8-93F6-CE03A9990BB4}.Release|Any CPU.ActiveCfg = Release|Any CPU
		{83FEAD3D-A492-49E8-93F6-CE03A9990BB4}.Release|Any CPU.Build.0 = Release|Any CPU
		{83FEAD3D-A492-49E8-93F6-CE03A9990BB4}.Release|x86.ActiveCfg = Release|Any CPU
		{83FEAD3D-A492-49E8-93F6-CE03A9990BB4}.Release|x86.Build.0 = Release|Any CPU
		{5867638B-DBAF-47E8-9B34-7D8FA3D89BDB}.Debug|Any CPU.ActiveCfg = Debug|Any CPU
		{5867638B-DBAF-47E8-9B34-7D8FA3D89BDB}.Debug|Any CPU.Build.0 = Debug|Any CPU
		{5867638B-DBAF-47E8-9B34-7D8FA3D89BDB}.Debug|x86.ActiveCfg = Debug|Any CPU
		{5867638B-DBAF-47E8-9B34-7D8FA3D89BDB}.Debug|x86.Build.0 = Debug|Any CPU
		{5867638B-DBAF-47E8-9B34-7D8FA3D89BDB}.Release|Any CPU.ActiveCfg = Release|Any CPU
		{5867638B-DBAF-47E8-9B34-7D8FA3D89BDB}.Release|Any CPU.Build.0 = Release|Any CPU
		{5867638B-DBAF-47E8-9B34-7D8FA3D89BDB}.Release|x86.ActiveCfg = Release|Any CPU
		{5867638B-DBAF-47E8-9B34-7D8FA3D89BDB}.Release|x86.Build.0 = Release|Any CPU
		{F4E6542E-4878-4229-A06E-0BE84A499990}.Debug|Any CPU.ActiveCfg = Debug|Any CPU
		{F4E6542E-4878-4229-A06E-0BE84A499990}.Debug|Any CPU.Build.0 = Debug|Any CPU
		{F4E6542E-4878-4229-A06E-0BE84A499990}.Debug|x86.ActiveCfg = Debug|Any CPU
		{F4E6542E-4878-4229-A06E-0BE84A499990}.Debug|x86.Build.0 = Debug|Any CPU
		{F4E6542E-4878-4229-A06E-0BE84A499990}.Release|Any CPU.ActiveCfg = Release|Any CPU
		{F4E6542E-4878-4229-A06E-0BE84A499990}.Release|Any CPU.Build.0 = Release|Any CPU
		{F4E6542E-4878-4229-A06E-0BE84A499990}.Release|x86.ActiveCfg = Release|Any CPU
		{F4E6542E-4878-4229-A06E-0BE84A499990}.Release|x86.Build.0 = Release|Any CPU
		{F1822301-442E-4F5A-A8E4-FC0899A37F9E}.Debug|Any CPU.ActiveCfg = Debug|Any CPU
		{F1822301-442E-4F5A-A8E4-FC0899A37F9E}.Debug|Any CPU.Build.0 = Debug|Any CPU
		{F1822301-442E-4F5A-A8E4-FC0899A37F9E}.Debug|x86.ActiveCfg = Debug|Any CPU
		{F1822301-442E-4F5A-A8E4-FC0899A37F9E}.Debug|x86.Build.0 = Debug|Any CPU
		{F1822301-442E-4F5A-A8E4-FC0899A37F9E}.Release|Any CPU.ActiveCfg = Release|Any CPU
		{F1822301-442E-4F5A-A8E4-FC0899A37F9E}.Release|Any CPU.Build.0 = Release|Any CPU
		{F1822301-442E-4F5A-A8E4-FC0899A37F9E}.Release|x86.ActiveCfg = Release|Any CPU
		{F1822301-442E-4F5A-A8E4-FC0899A37F9E}.Release|x86.Build.0 = Release|Any CPU
		{7167B020-5288-4EDE-8F71-1FBE7E5CE32D}.Debug|Any CPU.ActiveCfg = Debug|Any CPU
		{7167B020-5288-4EDE-8F71-1FBE7E5CE32D}.Debug|Any CPU.Build.0 = Debug|Any CPU
		{7167B020-5288-4EDE-8F71-1FBE7E5CE32D}.Debug|x86.ActiveCfg = Debug|Any CPU
		{7167B020-5288-4EDE-8F71-1FBE7E5CE32D}.Debug|x86.Build.0 = Debug|Any CPU
		{7167B020-5288-4EDE-8F71-1FBE7E5CE32D}.Release|Any CPU.ActiveCfg = Release|Any CPU
		{7167B020-5288-4EDE-8F71-1FBE7E5CE32D}.Release|Any CPU.Build.0 = Release|Any CPU
		{7167B020-5288-4EDE-8F71-1FBE7E5CE32D}.Release|x86.ActiveCfg = Release|Any CPU
		{7167B020-5288-4EDE-8F71-1FBE7E5CE32D}.Release|x86.Build.0 = Release|Any CPU
		{B0CFC114-92A2-4476-A2D7-E15666E0119C}.Debug|Any CPU.ActiveCfg = Debug|Any CPU
		{B0CFC114-92A2-4476-A2D7-E15666E0119C}.Debug|Any CPU.Build.0 = Debug|Any CPU
		{B0CFC114-92A2-4476-A2D7-E15666E0119C}.Debug|x86.ActiveCfg = Debug|Any CPU
		{B0CFC114-92A2-4476-A2D7-E15666E0119C}.Debug|x86.Build.0 = Debug|Any CPU
		{B0CFC114-92A2-4476-A2D7-E15666E0119C}.Release|Any CPU.ActiveCfg = Release|Any CPU
		{B0CFC114-92A2-4476-A2D7-E15666E0119C}.Release|Any CPU.Build.0 = Release|Any CPU
		{B0CFC114-92A2-4476-A2D7-E15666E0119C}.Release|x86.ActiveCfg = Release|Any CPU
		{B0CFC114-92A2-4476-A2D7-E15666E0119C}.Release|x86.Build.0 = Release|Any CPU
		{1905FDD9-0592-4011-9F84-D62E42F64ED9}.Debug|Any CPU.ActiveCfg = Debug|Any CPU
		{1905FDD9-0592-4011-9F84-D62E42F64ED9}.Debug|Any CPU.Build.0 = Debug|Any CPU
		{1905FDD9-0592-4011-9F84-D62E42F64ED9}.Debug|x86.ActiveCfg = Debug|Any CPU
		{1905FDD9-0592-4011-9F84-D62E42F64ED9}.Debug|x86.Build.0 = Debug|Any CPU
		{1905FDD9-0592-4011-9F84-D62E42F64ED9}.Release|Any CPU.ActiveCfg = Release|Any CPU
		{1905FDD9-0592-4011-9F84-D62E42F64ED9}.Release|Any CPU.Build.0 = Release|Any CPU
		{1905FDD9-0592-4011-9F84-D62E42F64ED9}.Release|x86.ActiveCfg = Release|Any CPU
		{1905FDD9-0592-4011-9F84-D62E42F64ED9}.Release|x86.Build.0 = Release|Any CPU
		{F7436F8D-B40F-4D9B-8E1C-3A9DBBD3AC32}.Debug|Any CPU.ActiveCfg = Debug|Any CPU
		{F7436F8D-B40F-4D9B-8E1C-3A9DBBD3AC32}.Debug|Any CPU.Build.0 = Debug|Any CPU
		{F7436F8D-B40F-4D9B-8E1C-3A9DBBD3AC32}.Debug|x86.ActiveCfg = Debug|Any CPU
		{F7436F8D-B40F-4D9B-8E1C-3A9DBBD3AC32}.Debug|x86.Build.0 = Debug|Any CPU
		{F7436F8D-B40F-4D9B-8E1C-3A9DBBD3AC32}.Release|Any CPU.ActiveCfg = Release|Any CPU
		{F7436F8D-B40F-4D9B-8E1C-3A9DBBD3AC32}.Release|Any CPU.Build.0 = Release|Any CPU
		{F7436F8D-B40F-4D9B-8E1C-3A9DBBD3AC32}.Release|x86.ActiveCfg = Release|Any CPU
		{F7436F8D-B40F-4D9B-8E1C-3A9DBBD3AC32}.Release|x86.Build.0 = Release|Any CPU
		{553B17AF-9404-4E75-BBB8-52D16066EACC}.Debug|Any CPU.ActiveCfg = Debug|Any CPU
		{553B17AF-9404-4E75-BBB8-52D16066EACC}.Debug|Any CPU.Build.0 = Debug|Any CPU
		{553B17AF-9404-4E75-BBB8-52D16066EACC}.Debug|x86.ActiveCfg = Debug|Any CPU
		{553B17AF-9404-4E75-BBB8-52D16066EACC}.Debug|x86.Build.0 = Debug|Any CPU
		{553B17AF-9404-4E75-BBB8-52D16066EACC}.Release|Any CPU.ActiveCfg = Release|Any CPU
		{553B17AF-9404-4E75-BBB8-52D16066EACC}.Release|Any CPU.Build.0 = Release|Any CPU
		{553B17AF-9404-4E75-BBB8-52D16066EACC}.Release|x86.ActiveCfg = Release|Any CPU
		{553B17AF-9404-4E75-BBB8-52D16066EACC}.Release|x86.Build.0 = Release|Any CPU
		{29EC9819-8215-424F-B03D-B030CB06AEDD}.Debug|Any CPU.ActiveCfg = Debug|Any CPU
		{29EC9819-8215-424F-B03D-B030CB06AEDD}.Debug|Any CPU.Build.0 = Debug|Any CPU
		{29EC9819-8215-424F-B03D-B030CB06AEDD}.Debug|x86.ActiveCfg = Debug|Any CPU
		{29EC9819-8215-424F-B03D-B030CB06AEDD}.Debug|x86.Build.0 = Debug|Any CPU
		{29EC9819-8215-424F-B03D-B030CB06AEDD}.Release|Any CPU.ActiveCfg = Release|Any CPU
		{29EC9819-8215-424F-B03D-B030CB06AEDD}.Release|Any CPU.Build.0 = Release|Any CPU
		{29EC9819-8215-424F-B03D-B030CB06AEDD}.Release|x86.ActiveCfg = Release|Any CPU
		{29EC9819-8215-424F-B03D-B030CB06AEDD}.Release|x86.Build.0 = Release|Any CPU
		{A2754A0D-6F92-4BE3-B68C-668E5FAA48EC}.Debug|Any CPU.ActiveCfg = Debug|Any CPU
		{A2754A0D-6F92-4BE3-B68C-668E5FAA48EC}.Debug|Any CPU.Build.0 = Debug|Any CPU
		{A2754A0D-6F92-4BE3-B68C-668E5FAA48EC}.Debug|x86.ActiveCfg = Debug|Any CPU
		{A2754A0D-6F92-4BE3-B68C-668E5FAA48EC}.Debug|x86.Build.0 = Debug|Any CPU
		{A2754A0D-6F92-4BE3-B68C-668E5FAA48EC}.Release|Any CPU.ActiveCfg = Release|Any CPU
		{A2754A0D-6F92-4BE3-B68C-668E5FAA48EC}.Release|Any CPU.Build.0 = Release|Any CPU
		{A2754A0D-6F92-4BE3-B68C-668E5FAA48EC}.Release|x86.ActiveCfg = Release|Any CPU
		{A2754A0D-6F92-4BE3-B68C-668E5FAA48EC}.Release|x86.Build.0 = Release|Any CPU
		{B09708B1-BC4C-4408-A495-6D95B14C3C32}.Debug|Any CPU.ActiveCfg = Debug|Any CPU
		{B09708B1-BC4C-4408-A495-6D95B14C3C32}.Debug|Any CPU.Build.0 = Debug|Any CPU
		{B09708B1-BC4C-4408-A495-6D95B14C3C32}.Debug|x86.ActiveCfg = Debug|Any CPU
		{B09708B1-BC4C-4408-A495-6D95B14C3C32}.Debug|x86.Build.0 = Debug|Any CPU
		{B09708B1-BC4C-4408-A495-6D95B14C3C32}.Release|Any CPU.ActiveCfg = Release|Any CPU
		{B09708B1-BC4C-4408-A495-6D95B14C3C32}.Release|Any CPU.Build.0 = Release|Any CPU
		{B09708B1-BC4C-4408-A495-6D95B14C3C32}.Release|x86.ActiveCfg = Release|Any CPU
		{B09708B1-BC4C-4408-A495-6D95B14C3C32}.Release|x86.Build.0 = Release|Any CPU
	EndGlobalSection
	GlobalSection(SolutionProperties) = preSolution
		HideSolutionNode = FALSE
	EndGlobalSection
	GlobalSection(NestedProjects) = preSolution
		{553B17AF-9404-4E75-BBB8-52D16066EACC} = {237DD7FA-EEC5-4B62-A804-C123D65593CC}
		{29EC9819-8215-424F-B03D-B030CB06AEDD} = {237DD7FA-EEC5-4B62-A804-C123D65593CC}
	EndGlobalSection
	GlobalSection(ExtensibilityGlobals) = postSolution
		SolutionGuid = {A9DC1DBA-E5DA-4234-96F0-E73CE5BCD019}
	EndGlobalSection
EndGlobal
